
Microsoft Visual Studio Solution File, Format Version 12.00
# Visual Studio Version 16
VisualStudioVersion = 16.0.31025.194
MinimumVisualStudioVersion = 10.0.40219.1
Project("{FAE04EC0-301F-11D3-BF4B-00C04F79EFBC}") = "ProyectoDB2", "ProyectoDB2\ProyectoDB2.csproj", "{BE40272C-B918-4A01-B681-BF19FEDC33FD}"
EndProject
Global
	GlobalSection(SolutionConfigurationPlatforms) = preSolution
		Debug|Any CPU = Debug|Any CPU
		Release|Any CPU = Release|Any CPU
	EndGlobalSection
	GlobalSection(ProjectConfigurationPlatforms) = postSolution
		{BE40272C-B918-4A01-B681-BF19FEDC33FD}.Debug|Any CPU.ActiveCfg = Debug|Any CPU
		{BE40272C-B918-4A01-B681-BF19FEDC33FD}.Debug|Any CPU.Build.0 = Debug|Any CPU
		{BE40272C-B918-4A01-B681-BF19FEDC33FD}.Release|Any CPU.ActiveCfg = Release|Any CPU
		{BE40272C-B918-4A01-B681-BF19FEDC33FD}.Release|Any CPU.Build.0 = Release|Any CPU
	EndGlobalSection
	GlobalSection(SolutionProperties) = preSolution
		HideSolutionNode = FALSE
	EndGlobalSection
	GlobalSection(ExtensibilityGlobals) = postSolution
		SolutionGuid = {1093C180-3558-4A9A-AC3D-6C114C484D5A}
	EndGlobalSection
EndGlobal
